
Microsoft Visual Studio Solution File, Format Version 12.00
# Visual Studio 2012
Project("{2150E333-8FDC-42A3-9474-1A3956D46DE8}") = "Framework", "Framework", "{EA567E61-C343-43AC-B288-63BB1874D5B2}"
EndProject
Project("{FAE04EC0-301F-11D3-BF4B-00C04F79EFBC}") = "NDomain", "..\..\source\NDomain\NDomain.csproj", "{538D0501-9C7E-419A-8EEE-2D379B2A1118}"
EndProject
Project("{FAE04EC0-301F-11D3-BF4B-00C04F79EFBC}") = "NDomain.Autofac", "..\..\source\NDomain.Autofac\NDomain.Autofac.csproj", "{243D743A-74B7-4780-BBC2-67AAF9214437}"
EndProject
Project("{FAE04EC0-301F-11D3-BF4B-00C04F79EFBC}") = "NDomain.Redis", "..\..\source\NDomain.Redis\NDomain.Redis.csproj", "{7F682C09-BAB4-435C-8108-5A3AC56A7EF4}"
EndProject
Project("{2150E333-8FDC-42A3-9474-1A3956D46DE8}") = "Domain", "Domain", "{2154BC58-269E-40B7-8275-3C7B11254245}"
EndProject
Project("{2150E333-8FDC-42A3-9474-1A3956D46DE8}") = "Services", "Services", "{AB8CCDF8-D16A-4485-A9B7-B2994E45A52B}"
EndProject
Project("{FAE04EC0-301F-11D3-BF4B-00C04F79EFBC}") = "OpenStore.Marketplace", "OpenStore.Marketplace\OpenStore.Marketplace.csproj", "{3E424934-D3CA-4D0B-B956-90AF842FE907}"
EndProject
Project("{FAE04EC0-301F-11D3-BF4B-00C04F79EFBC}") = "OpenStore.Membership", "OpenStore.Membership\OpenStore.Membership.csproj", "{64B294F5-F7F1-4BF3-8034-A4D4B8B91B99}"
EndProject
Project("{FAE04EC0-301F-11D3-BF4B-00C04F79EFBC}") = "OpenStore.Marketplace.Domain", "OpenStore.Marketplace.Domain\OpenStore.Marketplace.Domain.csproj", "{A3BE2D6C-5803-4E6C-BF55-25A35888E131}"
EndProject
Project("{FAE04EC0-301F-11D3-BF4B-00C04F79EFBC}") = "OpenStore.Marketplace.Tests", "OpenStore.Marketplace.Tests\OpenStore.Marketplace.Tests.csproj", "{0985E90E-6D8E-4B2B-8555-201E0B5D44B6}"
EndProject
Project("{FAE04EC0-301F-11D3-BF4B-00C04F79EFBC}") = "OpenStore.Api", "OpenStore.Api\OpenStore.Api.csproj", "{FCC44DA1-5F99-4E5A-B65B-8C8C581EEBAF}"
EndProject
Project("{CC5FD16D-436D-48AD-A40C-5A424C6E3E79}") = "OpenStore.AzureCloudService", "OpenStore.AzureCloudService\OpenStore.AzureCloudService.ccproj", "{882EF0F9-3123-4ADB-981E-9B54DF871D28}"
EndProject
Project("{FAE04EC0-301F-11D3-BF4B-00C04F79EFBC}") = "OpenStore.Api.Azure", "OpenStore.Api.Azure\OpenStore.Api.Azure.csproj", "{7B9A3253-3186-4D21-B49D-B70FD8F66FCA}"
EndProject
Project("{FAE04EC0-301F-11D3-BF4B-00C04F79EFBC}") = "OpenStore.Processor.Azure", "OpenStore.Processor.Azure\OpenStore.Processor.Azure.csproj", "{15CC14CA-C2A1-494D-A056-0226ECD6CBF5}"
EndProject
Project("{2150E333-8FDC-42A3-9474-1A3956D46DE8}") = "Azure", "Azure", "{B0117180-B37A-4A3B-81B1-3B062E4E7079}"
EndProject
Project("{FAE04EC0-301F-11D3-BF4B-00C04F79EFBC}") = "NDomain.Azure", "..\..\source\NDomain.Azure\NDomain.Azure.csproj", "{9FA41365-EF62-48E7-9CA7-7B25357E3D13}"
EndProject
Project("{2150E333-8FDC-42A3-9474-1A3956D46DE8}") = "Hosting", "Hosting", "{74ACBE08-5515-4D6B-B129-00D42AC613AE}"
EndProject
Project("{2150E333-8FDC-42A3-9474-1A3956D46DE8}") = "SelfHosted", "SelfHosted", "{3C7B789B-3E1C-4A4E-93D4-76DE8BD2D7B3}"
EndProject
Project("{FAE04EC0-301F-11D3-BF4B-00C04F79EFBC}") = "OpenStore.SingleHost", "OpenStore.SingleHost\OpenStore.SingleHost.csproj", "{2467D6A9-959F-499C-9EAD-D59CA13E081E}"
EndProject
Global
	GlobalSection(SolutionConfigurationPlatforms) = preSolution
		Debug|Any CPU = Debug|Any CPU
		Debug|x64 = Debug|x64
		Release|Any CPU = Release|Any CPU
		Release|x64 = Release|x64
	EndGlobalSection
	GlobalSection(ProjectConfigurationPlatforms) = postSolution
		{538D0501-9C7E-419A-8EEE-2D379B2A1118}.Debug|Any CPU.ActiveCfg = Debug|Any CPU
		{538D0501-9C7E-419A-8EEE-2D379B2A1118}.Debug|Any CPU.Build.0 = Debug|Any CPU
		{538D0501-9C7E-419A-8EEE-2D379B2A1118}.Debug|x64.ActiveCfg = Debug|x64
		{538D0501-9C7E-419A-8EEE-2D379B2A1118}.Debug|x64.Build.0 = Debug|x64
		{538D0501-9C7E-419A-8EEE-2D379B2A1118}.Release|Any CPU.ActiveCfg = Release|Any CPU
		{538D0501-9C7E-419A-8EEE-2D379B2A1118}.Release|Any CPU.Build.0 = Release|Any CPU
		{538D0501-9C7E-419A-8EEE-2D379B2A1118}.Release|x64.ActiveCfg = Release|x64
		{538D0501-9C7E-419A-8EEE-2D379B2A1118}.Release|x64.Build.0 = Release|x64
		{243D743A-74B7-4780-BBC2-67AAF9214437}.Debug|Any CPU.ActiveCfg = Debug|Any CPU
		{243D743A-74B7-4780-BBC2-67AAF9214437}.Debug|Any CPU.Build.0 = Debug|Any CPU
		{243D743A-74B7-4780-BBC2-67AAF9214437}.Debug|x64.ActiveCfg = Debug|Any CPU
		{243D743A-74B7-4780-BBC2-67AAF9214437}.Release|Any CPU.ActiveCfg = Release|Any CPU
		{243D743A-74B7-4780-BBC2-67AAF9214437}.Release|Any CPU.Build.0 = Release|Any CPU
		{243D743A-74B7-4780-BBC2-67AAF9214437}.Release|x64.ActiveCfg = Release|Any CPU
		{7F682C09-BAB4-435C-8108-5A3AC56A7EF4}.Debug|Any CPU.ActiveCfg = Debug|Any CPU
		{7F682C09-BAB4-435C-8108-5A3AC56A7EF4}.Debug|Any CPU.Build.0 = Debug|Any CPU
		{7F682C09-BAB4-435C-8108-5A3AC56A7EF4}.Debug|x64.ActiveCfg = Debug|Any CPU
		{7F682C09-BAB4-435C-8108-5A3AC56A7EF4}.Release|Any CPU.ActiveCfg = Release|Any CPU
		{7F682C09-BAB4-435C-8108-5A3AC56A7EF4}.Release|Any CPU.Build.0 = Release|Any CPU
		{7F682C09-BAB4-435C-8108-5A3AC56A7EF4}.Release|x64.ActiveCfg = Release|Any CPU
		{3E424934-D3CA-4D0B-B956-90AF842FE907}.Debug|Any CPU.ActiveCfg = Debug|Any CPU
		{3E424934-D3CA-4D0B-B956-90AF842FE907}.Debug|Any CPU.Build.0 = Debug|Any CPU
		{3E424934-D3CA-4D0B-B956-90AF842FE907}.Debug|x64.ActiveCfg = Debug|Any CPU
		{3E424934-D3CA-4D0B-B956-90AF842FE907}.Release|Any CPU.ActiveCfg = Release|Any CPU
		{3E424934-D3CA-4D0B-B956-90AF842FE907}.Release|Any CPU.Build.0 = Release|Any CPU
		{3E424934-D3CA-4D0B-B956-90AF842FE907}.Release|x64.ActiveCfg = Release|Any CPU
		{64B294F5-F7F1-4BF3-8034-A4D4B8B91B99}.Debug|Any CPU.ActiveCfg = Debug|Any CPU
		{64B294F5-F7F1-4BF3-8034-A4D4B8B91B99}.Debug|Any CPU.Build.0 = Debug|Any CPU
		{64B294F5-F7F1-4BF3-8034-A4D4B8B91B99}.Debug|x64.ActiveCfg = Debug|Any CPU
		{64B294F5-F7F1-4BF3-8034-A4D4B8B91B99}.Release|Any CPU.ActiveCfg = Release|Any CPU
		{64B294F5-F7F1-4BF3-8034-A4D4B8B91B99}.Release|Any CPU.Build.0 = Release|Any CPU
		{64B294F5-F7F1-4BF3-8034-A4D4B8B91B99}.Release|x64.ActiveCfg = Release|Any CPU
		{A3BE2D6C-5803-4E6C-BF55-25A35888E131}.Debug|Any CPU.ActiveCfg = Debug|Any CPU
		{A3BE2D6C-5803-4E6C-BF55-25A35888E131}.Debug|Any CPU.Build.0 = Debug|Any CPU
		{A3BE2D6C-5803-4E6C-BF55-25A35888E131}.Debug|x64.ActiveCfg = Debug|Any CPU
		{A3BE2D6C-5803-4E6C-BF55-25A35888E131}.Release|Any CPU.ActiveCfg = Release|Any CPU
		{A3BE2D6C-5803-4E6C-BF55-25A35888E131}.Release|Any CPU.Build.0 = Release|Any CPU
		{A3BE2D6C-5803-4E6C-BF55-25A35888E131}.Release|x64.ActiveCfg = Release|Any CPU
		{0985E90E-6D8E-4B2B-8555-201E0B5D44B6}.Debug|Any CPU.ActiveCfg = Debug|Any CPU
		{0985E90E-6D8E-4B2B-8555-201E0B5D44B6}.Debug|Any CPU.Build.0 = Debug|Any CPU
		{0985E90E-6D8E-4B2B-8555-201E0B5D44B6}.Debug|x64.ActiveCfg = Debug|Any CPU
		{0985E90E-6D8E-4B2B-8555-201E0B5D44B6}.Release|Any CPU.ActiveCfg = Release|Any CPU
		{0985E90E-6D8E-4B2B-8555-201E0B5D44B6}.Release|Any CPU.Build.0 = Release|Any CPU
		{0985E90E-6D8E-4B2B-8555-201E0B5D44B6}.Release|x64.ActiveCfg = Release|Any CPU
		{FCC44DA1-5F99-4E5A-B65B-8C8C581EEBAF}.Debug|Any CPU.ActiveCfg = Debug|Any CPU
		{FCC44DA1-5F99-4E5A-B65B-8C8C581EEBAF}.Debug|Any CPU.Build.0 = Debug|Any CPU
		{FCC44DA1-5F99-4E5A-B65B-8C8C581EEBAF}.Debug|x64.ActiveCfg = Debug|Any CPU
		{FCC44DA1-5F99-4E5A-B65B-8C8C581EEBAF}.Release|Any CPU.ActiveCfg = Release|Any CPU
		{FCC44DA1-5F99-4E5A-B65B-8C8C581EEBAF}.Release|Any CPU.Build.0 = Release|Any CPU
		{FCC44DA1-5F99-4E5A-B65B-8C8C581EEBAF}.Release|x64.ActiveCfg = Release|Any CPU
		{882EF0F9-3123-4ADB-981E-9B54DF871D28}.Debug|Any CPU.ActiveCfg = Debug|Any CPU
		{882EF0F9-3123-4ADB-981E-9B54DF871D28}.Debug|Any CPU.Build.0 = Debug|Any CPU
		{882EF0F9-3123-4ADB-981E-9B54DF871D28}.Debug|x64.ActiveCfg = Debug|Any CPU
		{882EF0F9-3123-4ADB-981E-9B54DF871D28}.Release|Any CPU.ActiveCfg = Release|Any CPU
		{882EF0F9-3123-4ADB-981E-9B54DF871D28}.Release|Any CPU.Build.0 = Release|Any CPU
		{882EF0F9-3123-4ADB-981E-9B54DF871D28}.Release|x64.ActiveCfg = Release|Any CPU
		{7B9A3253-3186-4D21-B49D-B70FD8F66FCA}.Debug|Any CPU.ActiveCfg = Debug|Any CPU
		{7B9A3253-3186-4D21-B49D-B70FD8F66FCA}.Debug|Any CPU.Build.0 = Debug|Any CPU
		{7B9A3253-3186-4D21-B49D-B70FD8F66FCA}.Debug|x64.ActiveCfg = Debug|Any CPU
		{7B9A3253-3186-4D21-B49D-B70FD8F66FCA}.Release|Any CPU.ActiveCfg = Release|Any CPU
		{7B9A3253-3186-4D21-B49D-B70FD8F66FCA}.Release|Any CPU.Build.0 = Release|Any CPU
		{7B9A3253-3186-4D21-B49D-B70FD8F66FCA}.Release|x64.ActiveCfg = Release|Any CPU
		{15CC14CA-C2A1-494D-A056-0226ECD6CBF5}.Debug|Any CPU.ActiveCfg = Debug|Any CPU
		{15CC14CA-C2A1-494D-A056-0226ECD6CBF5}.Debug|Any CPU.Build.0 = Debug|Any CPU
		{15CC14CA-C2A1-494D-A056-0226ECD6CBF5}.Debug|x64.ActiveCfg = Debug|Any CPU
		{15CC14CA-C2A1-494D-A056-0226ECD6CBF5}.Release|Any CPU.ActiveCfg = Release|Any CPU
		{15CC14CA-C2A1-494D-A056-0226ECD6CBF5}.Release|Any CPU.Build.0 = Release|Any CPU
		{15CC14CA-C2A1-494D-A056-0226ECD6CBF5}.Release|x64.ActiveCfg = Release|Any CPU
		{9FA41365-EF62-48E7-9CA7-7B25357E3D13}.Debug|Any CPU.ActiveCfg = Debug|Any CPU
		{9FA41365-EF62-48E7-9CA7-7B25357E3D13}.Debug|Any CPU.Build.0 = Debug|Any CPU
		{9FA41365-EF62-48E7-9CA7-7B25357E3D13}.Debug|x64.ActiveCfg = Debug|Any CPU
		{9FA41365-EF62-48E7-9CA7-7B25357E3D13}.Release|Any CPU.ActiveCfg = Release|Any CPU
		{9FA41365-EF62-48E7-9CA7-7B25357E3D13}.Release|Any CPU.Build.0 = Release|Any CPU
		{9FA41365-EF62-48E7-9CA7-7B25357E3D13}.Release|x64.ActiveCfg = Release|Any CPU
		{2467D6A9-959F-499C-9EAD-D59CA13E081E}.Debug|Any CPU.ActiveCfg = Debug|Any CPU
		{2467D6A9-959F-499C-9EAD-D59CA13E081E}.Debug|Any CPU.Build.0 = Debug|Any CPU
		{2467D6A9-959F-499C-9EAD-D59CA13E081E}.Debug|x64.ActiveCfg = Debug|Any CPU
		{2467D6A9-959F-499C-9EAD-D59CA13E081E}.Release|Any CPU.ActiveCfg = Release|Any CPU
		{2467D6A9-959F-499C-9EAD-D59CA13E081E}.Release|Any CPU.Build.0 = Release|Any CPU
		{2467D6A9-959F-499C-9EAD-D59CA13E081E}.Release|x64.ActiveCfg = Release|Any CPU
	EndGlobalSection
	GlobalSection(SolutionProperties) = preSolution
		HideSolutionNode = FALSE
	EndGlobalSection
	GlobalSection(NestedProjects) = preSolution
		{538D0501-9C7E-419A-8EEE-2D379B2A1118} = {EA567E61-C343-43AC-B288-63BB1874D5B2}
		{243D743A-74B7-4780-BBC2-67AAF9214437} = {EA567E61-C343-43AC-B288-63BB1874D5B2}
		{7F682C09-BAB4-435C-8108-5A3AC56A7EF4} = {EA567E61-C343-43AC-B288-63BB1874D5B2}
		{9FA41365-EF62-48E7-9CA7-7B25357E3D13} = {EA567E61-C343-43AC-B288-63BB1874D5B2}
		{3E424934-D3CA-4D0B-B956-90AF842FE907} = {2154BC58-269E-40B7-8275-3C7B11254245}
		{64B294F5-F7F1-4BF3-8034-A4D4B8B91B99} = {2154BC58-269E-40B7-8275-3C7B11254245}
		{A3BE2D6C-5803-4E6C-BF55-25A35888E131} = {2154BC58-269E-40B7-8275-3C7B11254245}
		{0985E90E-6D8E-4B2B-8555-201E0B5D44B6} = {2154BC58-269E-40B7-8275-3C7B11254245}
		{FCC44DA1-5F99-4E5A-B65B-8C8C581EEBAF} = {AB8CCDF8-D16A-4485-A9B7-B2994E45A52B}
		{15CC14CA-C2A1-494D-A056-0226ECD6CBF5} = {B0117180-B37A-4A3B-81B1-3B062E4E7079}
		{7B9A3253-3186-4D21-B49D-B70FD8F66FCA} = {B0117180-B37A-4A3B-81B1-3B062E4E7079}
		{882EF0F9-3123-4ADB-981E-9B54DF871D28} = {B0117180-B37A-4A3B-81B1-3B062E4E7079}
		{B0117180-B37A-4A3B-81B1-3B062E4E7079} = {74ACBE08-5515-4D6B-B129-00D42AC613AE}
		{3C7B789B-3E1C-4A4E-93D4-76DE8BD2D7B3} = {74ACBE08-5515-4D6B-B129-00D42AC613AE}
		{2467D6A9-959F-499C-9EAD-D59CA13E081E} = {3C7B789B-3E1C-4A4E-93D4-76DE8BD2D7B3}
	EndGlobalSection
EndGlobal
