
Microsoft Visual Studio Solution File, Format Version 12.00
# Visual Studio 14
VisualStudioVersion = 14.0.25420.1
MinimumVisualStudioVersion = 10.0.40219.1
Project("{FAE04EC0-301F-11D3-BF4B-00C04F79EFBC}") = "NDomain", "NDomain\NDomain.csproj", "{538D0501-9C7E-419A-8EEE-2D379B2A1118}"
EndProject
Project("{FAE04EC0-301F-11D3-BF4B-00C04F79EFBC}") = "NDomain.Tests", "NDomain.Tests\NDomain.Tests.csproj", "{370514BD-2B44-4CBD-89CD-17DA9783C6B3}"
EndProject
Project("{FAE04EC0-301F-11D3-BF4B-00C04F79EFBC}") = "NDomain.Autofac", "NDomain.Autofac\NDomain.Autofac.csproj", "{243D743A-74B7-4780-BBC2-67AAF9214437}"
EndProject
Project("{FAE04EC0-301F-11D3-BF4B-00C04F79EFBC}") = "NDomain.Azure", "NDomain.Azure\NDomain.Azure.csproj", "{9FA41365-EF62-48E7-9CA7-7B25357E3D13}"
EndProject
Project("{FAE04EC0-301F-11D3-BF4B-00C04F79EFBC}") = "NDomain.Azure.Tests", "NDomain.Azure.Tests\NDomain.Azure.Tests.csproj", "{53011FF1-DC37-4FEB-A752-829E7E117F41}"
EndProject
Project("{FAE04EC0-301F-11D3-BF4B-00C04F79EFBC}") = "NDomain.NLog", "NDomain.NLog\NDomain.NLog.csproj", "{C7266AA9-F05B-4C9E-B4CC-BF656F88C23A}"
EndProject
Project("{FAE04EC0-301F-11D3-BF4B-00C04F79EFBC}") = "NDomain.Redis", "NDomain.Redis\NDomain.Redis.csproj", "{7F682C09-BAB4-435C-8108-5A3AC56A7EF4}"
EndProject
Project("{FAE04EC0-301F-11D3-BF4B-00C04F79EFBC}") = "NDomain.Redis.Tests", "NDomain.Redis.Tests\NDomain.Redis.Tests.csproj", "{26D10D61-9C44-49CA-84EC-C43B423C154A}"
EndProject
Project("{2150E333-8FDC-42A3-9474-1A3956D46DE8}") = "Tests", "Tests", "{3F55A120-DDAD-4400-94CC-6E8DF81FDEBE}"
EndProject
Project("{FAE04EC0-301F-11D3-BF4B-00C04F79EFBC}") = "NDomain.Serilog", "NDomain.Serilog\NDomain.Serilog.csproj", "{47F67ECD-42A4-460D-B927-A6968BB7E7E8}"
EndProject
Project("{FAE04EC0-301F-11D3-BF4B-00C04F79EFBC}") = "NDomain.Autofac.Tests", "NDomain.Autofac.Tests\NDomain.Autofac.Tests.csproj", "{7AA5BDA7-F2B0-4CAE-AB06-FD71D8E33A6C}"
EndProject
Project("{FAE04EC0-301F-11D3-BF4B-00C04F79EFBC}") = "NDomain.Sql", "NDomain.Sql\NDomain.Sql.csproj", "{568A0A89-C4DC-4C3B-B9AE-E56D5102D171}"
EndProject
Project("{FAE04EC0-301F-11D3-BF4B-00C04F79EFBC}") = "NDomain.Sql.Tests", "NDomain.Sql.Tests\NDomain.Sql.Tests.csproj", "{4446F063-F9EC-449A-AE4D-0A8D1186892A}"
EndProject
Project("{FAE04EC0-301F-11D3-BF4B-00C04F79EFBC}") = "NDomain.Tests.Common", "NDomain.Tests.Common\NDomain.Tests.Common.csproj", "{A29749A5-ACF2-47A9-B87E-692772761E53}"
EndProject
Global
	GlobalSection(SolutionConfigurationPlatforms) = preSolution
		Debug|Any CPU = Debug|Any CPU
		Debug|x64 = Debug|x64
		Release|Any CPU = Release|Any CPU
		Release|x64 = Release|x64
	EndGlobalSection
	GlobalSection(ProjectConfigurationPlatforms) = postSolution
		{538D0501-9C7E-419A-8EEE-2D379B2A1118}.Debug|Any CPU.ActiveCfg = Debug|Any CPU
		{538D0501-9C7E-419A-8EEE-2D379B2A1118}.Debug|Any CPU.Build.0 = Debug|Any CPU
		{538D0501-9C7E-419A-8EEE-2D379B2A1118}.Debug|x64.ActiveCfg = Debug|x64
		{538D0501-9C7E-419A-8EEE-2D379B2A1118}.Debug|x64.Build.0 = Debug|x64
		{538D0501-9C7E-419A-8EEE-2D379B2A1118}.Release|Any CPU.ActiveCfg = Release|Any CPU
		{538D0501-9C7E-419A-8EEE-2D379B2A1118}.Release|Any CPU.Build.0 = Release|Any CPU
		{538D0501-9C7E-419A-8EEE-2D379B2A1118}.Release|x64.ActiveCfg = Release|x64
		{538D0501-9C7E-419A-8EEE-2D379B2A1118}.Release|x64.Build.0 = Release|x64
		{370514BD-2B44-4CBD-89CD-17DA9783C6B3}.Debug|Any CPU.ActiveCfg = Debug|Any CPU
		{370514BD-2B44-4CBD-89CD-17DA9783C6B3}.Debug|Any CPU.Build.0 = Debug|Any CPU
		{370514BD-2B44-4CBD-89CD-17DA9783C6B3}.Debug|x64.ActiveCfg = Debug|x64
		{370514BD-2B44-4CBD-89CD-17DA9783C6B3}.Debug|x64.Build.0 = Debug|x64
		{370514BD-2B44-4CBD-89CD-17DA9783C6B3}.Release|Any CPU.ActiveCfg = Release|Any CPU
		{370514BD-2B44-4CBD-89CD-17DA9783C6B3}.Release|Any CPU.Build.0 = Release|Any CPU
		{370514BD-2B44-4CBD-89CD-17DA9783C6B3}.Release|x64.ActiveCfg = Release|x64
		{370514BD-2B44-4CBD-89CD-17DA9783C6B3}.Release|x64.Build.0 = Release|x64
		{243D743A-74B7-4780-BBC2-67AAF9214437}.Debug|Any CPU.ActiveCfg = Debug|Any CPU
		{243D743A-74B7-4780-BBC2-67AAF9214437}.Debug|Any CPU.Build.0 = Debug|Any CPU
		{243D743A-74B7-4780-BBC2-67AAF9214437}.Debug|x64.ActiveCfg = Debug|Any CPU
		{243D743A-74B7-4780-BBC2-67AAF9214437}.Release|Any CPU.ActiveCfg = Release|Any CPU
		{243D743A-74B7-4780-BBC2-67AAF9214437}.Release|Any CPU.Build.0 = Release|Any CPU
		{243D743A-74B7-4780-BBC2-67AAF9214437}.Release|x64.ActiveCfg = Release|Any CPU
		{9FA41365-EF62-48E7-9CA7-7B25357E3D13}.Debug|Any CPU.ActiveCfg = Debug|Any CPU
		{9FA41365-EF62-48E7-9CA7-7B25357E3D13}.Debug|Any CPU.Build.0 = Debug|Any CPU
		{9FA41365-EF62-48E7-9CA7-7B25357E3D13}.Debug|x64.ActiveCfg = Debug|Any CPU
		{9FA41365-EF62-48E7-9CA7-7B25357E3D13}.Release|Any CPU.ActiveCfg = Release|Any CPU
		{9FA41365-EF62-48E7-9CA7-7B25357E3D13}.Release|Any CPU.Build.0 = Release|Any CPU
		{9FA41365-EF62-48E7-9CA7-7B25357E3D13}.Release|x64.ActiveCfg = Release|Any CPU
		{53011FF1-DC37-4FEB-A752-829E7E117F41}.Debug|Any CPU.ActiveCfg = Debug|Any CPU
		{53011FF1-DC37-4FEB-A752-829E7E117F41}.Debug|Any CPU.Build.0 = Debug|Any CPU
		{53011FF1-DC37-4FEB-A752-829E7E117F41}.Debug|x64.ActiveCfg = Debug|Any CPU
		{53011FF1-DC37-4FEB-A752-829E7E117F41}.Release|Any CPU.ActiveCfg = Release|Any CPU
		{53011FF1-DC37-4FEB-A752-829E7E117F41}.Release|Any CPU.Build.0 = Release|Any CPU
		{53011FF1-DC37-4FEB-A752-829E7E117F41}.Release|x64.ActiveCfg = Release|Any CPU
		{C7266AA9-F05B-4C9E-B4CC-BF656F88C23A}.Debug|Any CPU.ActiveCfg = Debug|Any CPU
		{C7266AA9-F05B-4C9E-B4CC-BF656F88C23A}.Debug|Any CPU.Build.0 = Debug|Any CPU
		{C7266AA9-F05B-4C9E-B4CC-BF656F88C23A}.Debug|x64.ActiveCfg = Debug|Any CPU
		{C7266AA9-F05B-4C9E-B4CC-BF656F88C23A}.Release|Any CPU.ActiveCfg = Release|Any CPU
		{C7266AA9-F05B-4C9E-B4CC-BF656F88C23A}.Release|Any CPU.Build.0 = Release|Any CPU
		{C7266AA9-F05B-4C9E-B4CC-BF656F88C23A}.Release|x64.ActiveCfg = Release|Any CPU
		{7F682C09-BAB4-435C-8108-5A3AC56A7EF4}.Debug|Any CPU.ActiveCfg = Debug|Any CPU
		{7F682C09-BAB4-435C-8108-5A3AC56A7EF4}.Debug|Any CPU.Build.0 = Debug|Any CPU
		{7F682C09-BAB4-435C-8108-5A3AC56A7EF4}.Debug|x64.ActiveCfg = Debug|Any CPU
		{7F682C09-BAB4-435C-8108-5A3AC56A7EF4}.Release|Any CPU.ActiveCfg = Release|Any CPU
		{7F682C09-BAB4-435C-8108-5A3AC56A7EF4}.Release|Any CPU.Build.0 = Release|Any CPU
		{7F682C09-BAB4-435C-8108-5A3AC56A7EF4}.Release|x64.ActiveCfg = Release|Any CPU
		{26D10D61-9C44-49CA-84EC-C43B423C154A}.Debug|Any CPU.ActiveCfg = Debug|Any CPU
		{26D10D61-9C44-49CA-84EC-C43B423C154A}.Debug|Any CPU.Build.0 = Debug|Any CPU
		{26D10D61-9C44-49CA-84EC-C43B423C154A}.Debug|x64.ActiveCfg = Debug|Any CPU
		{26D10D61-9C44-49CA-84EC-C43B423C154A}.Release|Any CPU.ActiveCfg = Release|Any CPU
		{26D10D61-9C44-49CA-84EC-C43B423C154A}.Release|Any CPU.Build.0 = Release|Any CPU
		{26D10D61-9C44-49CA-84EC-C43B423C154A}.Release|x64.ActiveCfg = Release|Any CPU
		{47F67ECD-42A4-460D-B927-A6968BB7E7E8}.Debug|Any CPU.ActiveCfg = Debug|Any CPU
		{47F67ECD-42A4-460D-B927-A6968BB7E7E8}.Debug|Any CPU.Build.0 = Debug|Any CPU
		{47F67ECD-42A4-460D-B927-A6968BB7E7E8}.Debug|x64.ActiveCfg = Debug|Any CPU
		{47F67ECD-42A4-460D-B927-A6968BB7E7E8}.Debug|x64.Build.0 = Debug|Any CPU
		{47F67ECD-42A4-460D-B927-A6968BB7E7E8}.Release|Any CPU.ActiveCfg = Release|Any CPU
		{47F67ECD-42A4-460D-B927-A6968BB7E7E8}.Release|Any CPU.Build.0 = Release|Any CPU
		{47F67ECD-42A4-460D-B927-A6968BB7E7E8}.Release|x64.ActiveCfg = Release|Any CPU
		{47F67ECD-42A4-460D-B927-A6968BB7E7E8}.Release|x64.Build.0 = Release|Any CPU
		{7AA5BDA7-F2B0-4CAE-AB06-FD71D8E33A6C}.Debug|Any CPU.ActiveCfg = Debug|Any CPU
		{7AA5BDA7-F2B0-4CAE-AB06-FD71D8E33A6C}.Debug|Any CPU.Build.0 = Debug|Any CPU
		{7AA5BDA7-F2B0-4CAE-AB06-FD71D8E33A6C}.Debug|x64.ActiveCfg = Debug|Any CPU
		{7AA5BDA7-F2B0-4CAE-AB06-FD71D8E33A6C}.Debug|x64.Build.0 = Debug|Any CPU
		{7AA5BDA7-F2B0-4CAE-AB06-FD71D8E33A6C}.Release|Any CPU.ActiveCfg = Release|Any CPU
		{7AA5BDA7-F2B0-4CAE-AB06-FD71D8E33A6C}.Release|Any CPU.Build.0 = Release|Any CPU
		{7AA5BDA7-F2B0-4CAE-AB06-FD71D8E33A6C}.Release|x64.ActiveCfg = Release|Any CPU
		{7AA5BDA7-F2B0-4CAE-AB06-FD71D8E33A6C}.Release|x64.Build.0 = Release|Any CPU
		{568A0A89-C4DC-4C3B-B9AE-E56D5102D171}.Debug|Any CPU.ActiveCfg = Debug|Any CPU
		{568A0A89-C4DC-4C3B-B9AE-E56D5102D171}.Debug|Any CPU.Build.0 = Debug|Any CPU
		{568A0A89-C4DC-4C3B-B9AE-E56D5102D171}.Debug|x64.ActiveCfg = Debug|Any CPU
		{568A0A89-C4DC-4C3B-B9AE-E56D5102D171}.Debug|x64.Build.0 = Debug|Any CPU
		{568A0A89-C4DC-4C3B-B9AE-E56D5102D171}.Release|Any CPU.ActiveCfg = Release|Any CPU
		{568A0A89-C4DC-4C3B-B9AE-E56D5102D171}.Release|Any CPU.Build.0 = Release|Any CPU
		{568A0A89-C4DC-4C3B-B9AE-E56D5102D171}.Release|x64.ActiveCfg = Release|Any CPU
		{568A0A89-C4DC-4C3B-B9AE-E56D5102D171}.Release|x64.Build.0 = Release|Any CPU
		{4446F063-F9EC-449A-AE4D-0A8D1186892A}.Debug|Any CPU.ActiveCfg = Debug|Any CPU
		{4446F063-F9EC-449A-AE4D-0A8D1186892A}.Debug|Any CPU.Build.0 = Debug|Any CPU
		{4446F063-F9EC-449A-AE4D-0A8D1186892A}.Debug|x64.ActiveCfg = Debug|Any CPU
		{4446F063-F9EC-449A-AE4D-0A8D1186892A}.Debug|x64.Build.0 = Debug|Any CPU
		{4446F063-F9EC-449A-AE4D-0A8D1186892A}.Release|Any CPU.ActiveCfg = Release|Any CPU
		{4446F063-F9EC-449A-AE4D-0A8D1186892A}.Release|Any CPU.Build.0 = Release|Any CPU
		{4446F063-F9EC-449A-AE4D-0A8D1186892A}.Release|x64.ActiveCfg = Release|Any CPU
		{4446F063-F9EC-449A-AE4D-0A8D1186892A}.Release|x64.Build.0 = Release|Any CPU
		{A29749A5-ACF2-47A9-B87E-692772761E53}.Debug|Any CPU.ActiveCfg = Debug|Any CPU
		{A29749A5-ACF2-47A9-B87E-692772761E53}.Debug|Any CPU.Build.0 = Debug|Any CPU
		{A29749A5-ACF2-47A9-B87E-692772761E53}.Debug|x64.ActiveCfg = Debug|Any CPU
		{A29749A5-ACF2-47A9-B87E-692772761E53}.Debug|x64.Build.0 = Debug|Any CPU
		{A29749A5-ACF2-47A9-B87E-692772761E53}.Release|Any CPU.ActiveCfg = Release|Any CPU
		{A29749A5-ACF2-47A9-B87E-692772761E53}.Release|Any CPU.Build.0 = Release|Any CPU
		{A29749A5-ACF2-47A9-B87E-692772761E53}.Release|x64.ActiveCfg = Release|Any CPU
		{A29749A5-ACF2-47A9-B87E-692772761E53}.Release|x64.Build.0 = Release|Any CPU
	EndGlobalSection
	GlobalSection(SolutionProperties) = preSolution
		HideSolutionNode = FALSE
	EndGlobalSection
	GlobalSection(NestedProjects) = preSolution
		{370514BD-2B44-4CBD-89CD-17DA9783C6B3} = {3F55A120-DDAD-4400-94CC-6E8DF81FDEBE}
		{53011FF1-DC37-4FEB-A752-829E7E117F41} = {3F55A120-DDAD-4400-94CC-6E8DF81FDEBE}
		{26D10D61-9C44-49CA-84EC-C43B423C154A} = {3F55A120-DDAD-4400-94CC-6E8DF81FDEBE}
		{7AA5BDA7-F2B0-4CAE-AB06-FD71D8E33A6C} = {3F55A120-DDAD-4400-94CC-6E8DF81FDEBE}
		{4446F063-F9EC-449A-AE4D-0A8D1186892A} = {3F55A120-DDAD-4400-94CC-6E8DF81FDEBE}
		{A29749A5-ACF2-47A9-B87E-692772761E53} = {3F55A120-DDAD-4400-94CC-6E8DF81FDEBE}
	EndGlobalSection
EndGlobal
